Microsoft Visual Studio Solution File, Format Version 11.00
# Visual Studio 2008

Project("{D00583DC-442A-8303-6C43-EB9766C46031}") = "New_Unity_Project_20", "Assembly-CSharp.csproj", "{4AF1951C-5919-FF1A-2EEB-6511ECF1DE3B}"
EndProject
Project("{D00583DC-442A-8303-6C43-EB9766C46031}") = "New_Unity_Project_20", "Assembly-UnityScript-firstpass.unityproj", "{8AB61B88-4D53-E9D2-1277-2BAC3DBEFC82}"
EndProject
Project("{D00583DC-442A-8303-6C43-EB9766C46031}") = "New_Unity_Project_20", "Assembly-UnityScript.unityproj", "{CEDA0670-35C9-3FC4-404D-76B33991FCCC}"
EndProject
Global
	GlobalSection(SolutionConfigurationPlatforms) = preSolution
		Debug|Any CPU = Debug|Any CPU
		Release|Any CPU = Release|Any CPU
	EndGlobalSection
	GlobalSection(ProjectConfigurationPlatforms) = postSolution
		{4AF1951C-5919-FF1A-2EEB-6511ECF1DE3B}.Debug|Any CPU.ActiveCfg = Debug|Any CPU
		{4AF1951C-5919-FF1A-2EEB-6511ECF1DE3B}.Debug|Any CPU.Build.0 = Debug|Any CPU
		{4AF1951C-5919-FF1A-2EEB-6511ECF1DE3B}.Release|Any CPU.ActiveCfg = Release|Any CPU
		{4AF1951C-5919-FF1A-2EEB-6511ECF1DE3B}.Release|Any CPU.Build.0 = Release|Any CPU
		{8AB61B88-4D53-E9D2-1277-2BAC3DBEFC82}.Debug|Any CPU.ActiveCfg = Debug|Any CPU
		{8AB61B88-4D53-E9D2-1277-2BAC3DBEFC82}.Debug|Any CPU.Build.0 = Debug|Any CPU
		{8AB61B88-4D53-E9D2-1277-2BAC3DBEFC82}.Release|Any CPU.ActiveCfg = Release|Any CPU
		{8AB61B88-4D53-E9D2-1277-2BAC3DBEFC82}.Release|Any CPU.Build.0 = Release|Any CPU
		{CEDA0670-35C9-3FC4-404D-76B33991FCCC}.Debug|Any CPU.ActiveCfg = Debug|Any CPU
		{CEDA0670-35C9-3FC4-404D-76B33991FCCC}.Debug|Any CPU.Build.0 = Debug|Any CPU
		{CEDA0670-35C9-3FC4-404D-76B33991FCCC}.Release|Any CPU.ActiveCfg = Release|Any CPU
		{CEDA0670-35C9-3FC4-404D-76B33991FCCC}.Release|Any CPU.Build.0 = Release|Any CPU
	EndGlobalSection
	GlobalSection(SolutionProperties) = preSolution
		HideSolutionNode = FALSE
	EndGlobalSection
																																																																																																																																									GlobalSection(MonoDevelopProperties) = preSolution
		StartupItem = Assembly-CSharp.csproj
		Policies = $0
		$0.TextStylePolicy = $1
		$1.inheritsSet = null
		$1.scope = text/x-csharp
		$0.CSharpFormattingPolicy = $2
		$2.inheritsSet = Mono
		$2.inheritsScope = text/x-csharp
		$2.scope = text/x-csharp
		$0.TextStylePolicy = $3
		$3.FileWidth = 120
		$3.TabWidth = 4
		$3.EolMarker = Unix
		$3.inheritsSet = Mono
		$3.inheritsScope = text/plain
		$3.scope = text/plain
	EndGlobalSection

EndGlobal
